
Microsoft Visual Studio Solution File, Format Version 12.00
# Visual Studio 15
VisualStudioVersion = 15.0.28307.438
MinimumVisualStudioVersion = 10.0.40219.1
Project("{8BC9CEB8-8B4A-11D0-8D11-00A0C91BC942}") = "Project50", "Project50\Project50.vcxproj", "{049BEDB8-F624-4A37-87C1-2AB18F1DF58C}"
EndProject
Global
	GlobalSection(SolutionConfigurationPlatforms) = preSolution
		Debug|x64 = Debug|x64
		Debug|x86 = Debug|x86
		Release|x64 = Release|x64
		Release|x86 = Release|x86
	EndGlobalSection
	GlobalSection(ProjectConfigurationPlatforms) = postSolution
		{049BEDB8-F624-4A37-87C1-2AB18F1DF58C}.Debug|x64.ActiveCfg = Debug|x64
		{049BEDB8-F624-4A37-87C1-2AB18F1DF58C}.Debug|x64.Build.0 = Debug|x64
		{049BEDB8-F624-4A37-87C1-2AB18F1DF58C}.Debug|x86.ActiveCfg = Debug|Win32
		{049BEDB8-F624-4A37-87C1-2AB18F1DF58C}.Debug|x86.Build.0 = Debug|Win32
		{049BEDB8-F624-4A37-87C1-2AB18F1DF58C}.Release|x64.ActiveCfg = Release|x64
		{049BEDB8-F624-4A37-87C1-2AB18F1DF58C}.Release|x64.Build.0 = Release|x64
		{049BEDB8-F624-4A37-87C1-2AB18F1DF58C}.Release|x86.ActiveCfg = Release|Win32
		{049BEDB8-F624-4A37-87C1-2AB18F1DF58C}.Release|x86.Build.0 = Release|Win32
	EndGlobalSection
	GlobalSection(SolutionProperties) = preSolution
		HideSolutionNode = FALSE
	EndGlobalSection
	GlobalSection(ExtensibilityGlobals) = postSolution
		SolutionGuid = {50D655D7-7074-401B-9F5E-BB0BFAC9BDAC}
	EndGlobalSection
EndGlobal
